
Microsoft Visual Studio Solution File, Format Version 12.00
# Visual Studio Version 17
VisualStudioVersion = 17.9.34728.123
MinimumVisualStudioVersion = 10.0.40219.1
Project("{FAE04EC0-301F-11D3-BF4B-00C04F79EFBC}") = "AirConditionerShop_ThuAn", "AirConditionerShop_ThuAn\AirConditionerShop_ThuAn.csproj", "{FA5F219E-5874-4D94-9FB7-091F6D4AD2E6}"
EndProject
Project("{FAE04EC0-301F-11D3-BF4B-00C04F79EFBC}") = "Repositories", "Repositories\Repositories.csproj", "{DAEEBE56-544F-4718-AB99-86A135551F0E}"
EndProject
Project("{FAE04EC0-301F-11D3-BF4B-00C04F79EFBC}") = "Models", "Models\Models.csproj", "{6CA6B5A1-95AA-4C8C-8F31-B3ABD7EDB80B}"
EndProject
Global
	GlobalSection(SolutionConfigurationPlatforms) = preSolution
		Debug|Any CPU = Debug|Any CPU
		Release|Any CPU = Release|Any CPU
	EndGlobalSection
	GlobalSection(ProjectConfigurationPlatforms) = postSolution
		{FA5F219E-5874-4D94-9FB7-091F6D4AD2E6}.Debug|Any CPU.ActiveCfg = Debug|Any CPU
		{FA5F219E-5874-4D94-9FB7-091F6D4AD2E6}.Debug|Any CPU.Build.0 = Debug|Any CPU
		{FA5F219E-5874-4D94-9FB7-091F6D4AD2E6}.Release|Any CPU.ActiveCfg = Release|Any CPU
		{FA5F219E-5874-4D94-9FB7-091F6D4AD2E6}.Release|Any CPU.Build.0 = Release|Any CPU
		{DAEEBE56-544F-4718-AB99-86A135551F0E}.Debug|Any CPU.ActiveCfg = Debug|Any CPU
		{DAEEBE56-544F-4718-AB99-86A135551F0E}.Debug|Any CPU.Build.0 = Debug|Any CPU
		{DAEEBE56-544F-4718-AB99-86A135551F0E}.Release|Any CPU.ActiveCfg = Release|Any CPU
		{DAEEBE56-544F-4718-AB99-86A135551F0E}.Release|Any CPU.Build.0 = Release|Any CPU
		{6CA6B5A1-95AA-4C8C-8F31-B3ABD7EDB80B}.Debug|Any CPU.ActiveCfg = Debug|Any CPU
		{6CA6B5A1-95AA-4C8C-8F31-B3ABD7EDB80B}.Debug|Any CPU.Build.0 = Debug|Any CPU
		{6CA6B5A1-95AA-4C8C-8F31-B3ABD7EDB80B}.Release|Any CPU.ActiveCfg = Release|Any CPU
		{6CA6B5A1-95AA-4C8C-8F31-B3ABD7EDB80B}.Release|Any CPU.Build.0 = Release|Any CPU
	EndGlobalSection
	GlobalSection(SolutionProperties) = preSolution
		HideSolutionNode = FALSE
	EndGlobalSection
	GlobalSection(ExtensibilityGlobals) = postSolution
		SolutionGuid = {D968E6A3-1A28-4554-AE40-F5E1B488C054}
	EndGlobalSection
EndGlobal
